
Microsoft Visual Studio Solution File, Format Version 12.00
# Visual Studio Version 17
VisualStudioVersion = 17.4.33213.308
MinimumVisualStudioVersion = 10.0.40219.1
Project("{FAE04EC0-301F-11D3-BF4B-00C04F79EFBC}") = "PetAndCareDesktopApp", "PetAndCareDesktopApp\PetAndCareDesktopApp.csproj", "{7624FF8F-377C-4114-A6D0-144740AB44D8}"
EndProject
Global
	GlobalSection(SolutionConfigurationPlatforms) = preSolution
		Debug|Any CPU = Debug|Any CPU
		Release|Any CPU = Release|Any CPU
	EndGlobalSection
	GlobalSection(ProjectConfigurationPlatforms) = postSolution
		{7624FF8F-377C-4114-A6D0-144740AB44D8}.Debug|Any CPU.ActiveCfg = Debug|Any CPU
		{7624FF8F-377C-4114-A6D0-144740AB44D8}.Debug|Any CPU.Build.0 = Debug|Any CPU
		{7624FF8F-377C-4114-A6D0-144740AB44D8}.Release|Any CPU.ActiveCfg = Release|Any CPU
		{7624FF8F-377C-4114-A6D0-144740AB44D8}.Release|Any CPU.Build.0 = Release|Any CPU
	EndGlobalSection
	GlobalSection(SolutionProperties) = preSolution
		HideSolutionNode = FALSE
	EndGlobalSection
	GlobalSection(ExtensibilityGlobals) = postSolution
		SolutionGuid = {36516056-4B80-48D7-9EE1-DAE1A8C91CC3}
	EndGlobalSection
EndGlobal
